
Microsoft Visual Studio Solution File, Format Version 12.00
# Visual Studio Version 17
VisualStudioVersion = 17.5.002.0
MinimumVisualStudioVersion = 10.0.40219.1
Project("{9A19103F-16F7-4668-BE54-9A1E7A4F7556}") = "Studies", "Studies.csproj", "{C82DFBCB-B3F8-40F7-BDC3-ADFDECE9B67B}"
EndProject
Global
	GlobalSection(SolutionConfigurationPlatforms) = preSolution
		Debug|Any CPU = Debug|Any CPU
		Release|Any CPU = Release|Any CPU
	EndGlobalSection
	GlobalSection(ProjectConfigurationPlatforms) = postSolution
		{C82DFBCB-B3F8-40F7-BDC3-ADFDECE9B67B}.Debug|Any CPU.ActiveCfg = Debug|Any CPU
		{C82DFBCB-B3F8-40F7-BDC3-ADFDECE9B67B}.Debug|Any CPU.Build.0 = Debug|Any CPU
		{C82DFBCB-B3F8-40F7-BDC3-ADFDECE9B67B}.Release|Any CPU.ActiveCfg = Release|Any CPU
		{C82DFBCB-B3F8-40F7-BDC3-ADFDECE9B67B}.Release|Any CPU.Build.0 = Release|Any CPU
	EndGlobalSection
	GlobalSection(SolutionProperties) = preSolution
		HideSolutionNode = FALSE
	EndGlobalSection
	GlobalSection(ExtensibilityGlobals) = postSolution
		SolutionGuid = {BD1D8D26-14AD-4C89-802A-1E8013FC40C6}
	EndGlobalSection
EndGlobal
